// !$*UTF8*$!
{
	archiveVersion = 1;
	classes = {
	};
	objectVersion = 46;
	objects = {

/* Begin PBXBuildFile section */
		96E1B2E91C240781002F338B /* AppDelegate.swift in Sources */ = {isa = PBXBuildFile; fileRef = 96E1B2E81C240781002F338B /* AppDelegate.swift */; };
		96E1B2EB1C240781002F338B /* ViewController.swift in Sources */ = {isa = PBXBuildFile; fileRef = 96E1B2EA1C240781002F338B /* ViewController.swift */; };
		96E1B2EE1C240781002F338B /* Main.storyboard in Resources */ = {isa = PBXBuildFile; fileRef = 96E1B2EC1C240781002F338B /* Main.storyboard */; };
		96E1B2F01C240781002F338B /* Assets.xcassets in Resources */ = {isa = PBXBuildFile; fileRef = 96E1B2EF1C240781002F338B /* Assets.xcassets */; };
		96E1B2F31C240781002F338B /* LaunchScreen.storyboard in Resources */ = {isa = PBXBuildFile; fileRef = 96E1B2F11C240781002F338B /* LaunchScreen.storyboard */; };
/* End PBXBuildFile section */

/* Begin PBXFileReference section */
		96E1B2E51C240781002F338B /* Swiftiris.app */ = {isa = PBXFileReference; explicitFileType = wrapper.application; includeInIndex = 0; path = Swiftiris.app; sourceTree = BUILT_PRODUCTS_DIR; };
		96E1B2E81C240781002F338B /* AppDelegate.swift */ = {isa = PBXFileReference; lastKnownFileType = sourcecode.swift; path = AppDelegate.swift; sourceTree = "<group>"; };
		96E1B2EA1C240781002F338B /* ViewController.swift */ = {isa = PBXFileReference; lastKnownFileType = sourcecode.swift; path = ViewController.swift; sourceTree = "<group>"; };
		96E1B2ED1C240781002F338B /* Base */ = {isa = PBXFileReference; lastKnownFileType = file.storyboard; name = Base; path = Base.lproj/Main.storyboard; sourceTree = "<group>"; };
		96E1B2EF1C240781002F338B /* Assets.xcassets */ = {isa = PBXFileReference; lastKnownFileType = folder.assetcatalog; path = Assets.xcassets; sourceTree = "<group>"; };
		96E1B2F21C240781002F338B /* Base */ = {isa = PBXFileReference; lastKnownFileType = file.storyboard; name = Base; path = Base.lproj/LaunchScreen.storyboard; sourceTree = "<group>"; };
		96E1B2F41C240781002F338B /* Info.plist */ = {isa = PBXFileReference; lastKnownFileType = text.plist.xml; path = Info.plist; sourceTree = "<group>"; };
/* End PBXFileReference section */

/* Begin PBXFrameworksBuildPhase section */
		96E1B2E21C240781002F338B /* Frameworks */ = {
			isa = PBXFrameworksBuildPhase;
			buildActionMask = 2147483647;
			files = (
			);
			runOnlyForDeploymentPostprocessing = 0;
		};
/* End PBXFrameworksBuildPhase section */

/* Begin PBXGroup section */
		96E1B2DC1C240781002F338B = {
			isa = PBXGroup;
			children = (
				96E1B2E71C240781002F338B /* Swiftiris */,
				96E1B2E61C240781002F338B /* Products */,
			);
			sourceTree = "<group>";
		};
		96E1B2E61C240781002F338B /* Products */ = {
			isa = PBXGroup;
			children = (
				96E1B2E51C240781002F338B /* Swiftiris.app */,
			);
			name = Products;
			sourceTree = "<group>";
		};
		96E1B2E71C240781002F338B /* Swiftiris */ = {
			isa = PBXGroup;
			children = (
				96E1B2E81C240781002F338B /* AppDelegate.swift */,
				96E1B2EA1C240781002F338B /* ViewController.swift */,
				96E1B2EC1C240781002F338B /* Main.storyboard */,
				96E1B2EF1C240781002F338B /* Assets.xcassets */,
				96E1B2F11C240781002F338B /* LaunchScreen.storyboard */,
				96E1B2F41C240781002F338B /* Info.plist */,
			);
			path = Swiftiris;
			sourceTree = "<group>";
		};
/* End PBXGroup section */

/* Begin PBXNativeTarget section */
		96E1B2E41C240781002F338B /* Swiftiris */ = {
			isa = PBXNativeTarget;
			buildConfigurationList = 96E1B2F71C240781002F338B /* Build configuration list for PBXNativeTarget "Swiftiris" */;
			buildPhases = (
				96E1B2E11C240781002F338B /* Sources */,
				96E1B2E21C240781002F338B /* Frameworks */,
				96E1B2E31C240781002F338B /* Resources */,
			);
			buildRules = (
			);
			dependencies = (
			);
			name = Swiftiris;
			productName = Swiftiris;
			productReference = 96E1B2E51C240781002F338B /* Swiftiris.app */;
			productType = "com.apple.product-type.application";
		};
/* End PBXNativeTarget section */

/* Begin PBXProject section */
		96E1B2DD1C240781002F338B /* Project object */ = {
			isa = PBXProject;
			attributes = {
				LastSwiftUpdateCheck = 0710;
				LastUpgradeCheck = 0710;
				ORGANIZATIONNAME = hou;
				TargetAttributes = {
					96E1B2E41C240781002F338B = {
						CreatedOnToolsVersion = 7.1.1;
					};
				};
			};
			buildConfigurationList = 96E1B2E01C240781002F338B /* Build configuration list for PBXProject "Swiftiris" */;
			compatibilityVersion = "Xcode 3.2";
			developmentRegion = English;
			hasScannedForEncodings = 0;
			knownRegions = (
				en,
				Base,
			);
			mainGroup = 96E1B2DC1C240781002F338B;
			productRefGroup = 96E1B2E61C240781002F338B /* Products */;
			projectDirPath = "";
			projectRoot = "";
			targets = (
				96E1B2E41C240781002F338B /* Swiftiris */,
			);
		};
/* End PBXProject section */

/* Begin PBXResourcesBuildPhase section */
		96E1B2E31C240781002F338B /* Resources */ = {
			isa = PBXResourcesBuildPhase;
			buildActionMask = 2147483647;
			files = (
				96E1B2F31C240781002F338B /* LaunchScreen.storyboard in Resources */,
				96E1B2F01C240781002F338B /* Assets.xcassets in Resources */,
				96E1B2EE1C240781002F338B /* Main.storyboard in Resources */,
			);
			runOnlyForDeploymentPostprocessing = 0;
		};
/* End PBXResourcesBuildPhase section */

/* Begin PBXSourcesBuildPhase section */
		96E1B2E11C240781002F338B /* Sources */ = {
			isa = PBXSourcesBuildPhase;
			buildActionMask = 2147483647;
			files = (
				96E1B2EB1C240781002F338B /* ViewController.swift in Sources */,
				96E1B2E91C240781002F338B /* AppDelegate.swift in Sources */,
			);
			runOnlyForDeploymentPostprocessing = 0;
		};
/* End PBXSourcesBuildPhase section */

/* Begin PBXVariantGroup section */
		96E1B2EC1C240781002F338B /* Main.storyboard */ = {
			isa = PBXVariantGroup;
			children = (
				96E1B2ED1C240781002F338B /* Base */,
			);
			name = Main.storyboard;
			sourceTree = "<group>";
		};
		96E1B2F11C240781002F338B /* LaunchScreen.storyboard */ = {
			isa = PBXVariantGroup;
			children = (
				96E1B2F21C240781002F338B /* Base */,
			);
			name = LaunchScreen.storyboard;
			sourceTree = "<group>";
		};
/* End PBXVariantGroup section */

/* Begin XCBuildConfiguration section */
		96E1B2F51C240781002F338B /* Debug */ = {
			isa = XCBuildConfiguration;
			buildSettings = {
				ALWAYS_SEARCH_USER_PATHS = NO;
				CLANG_CXX_LANGUAGE_STANDARD = "gnu++0x";
				CLANG_CXX_LIBRARY = "libc++";
				CLANG_ENABLE_MODULES = YES;
				CLANG_ENABLE_OBJC_ARC = YES;
				CLANG_WARN_BOOL_CONVERSION = YES;
				CLANG_WARN_CONSTANT_CONVERSION = YES;
				CLANG_WARN_DIRECT_OBJC_ISA_USAGE = YES_ERROR;
				CLANG_WARN_EMPTY_BODY = YES;
				CLANG_WARN_ENUM_CONVERSION = YES;
				CLANG_WARN_INT_CONVERSION = YES;
				CLANG_WARN_OBJC_ROOT_CLASS = YES_ERROR;
				CLANG_WARN_UNREACHABLE_CODE = YES;
				CLANG_WARN__DUPLICATE_METHOD_MATCH = YES;
				"CODE_SIGN_IDENTITY[sdk=iphoneos*]" = "iPhone Developer";
				COPY_PHASE_STRIP = NO;
				DEBUG_INFORMATION_FORMAT = dwarf;
				ENABLE_STRICT_OBJC_MSGSEND = YES;
				ENABLE_TESTABILITY = YES;
				GCC_C_LANGUAGE_STANDARD = gnu99;
				GCC_DYNAMIC_NO_PIC = NO;
				GCC_NO_COMMON_BLOCKS = YES;
				GCC_OPTIMIZATION_LEVEL = 0;
				GCC_PREPROCESSOR_DEFINITIONS = (
					"DEBUG=1",
					"$(inherited)",
				);
				GCC_WARN_64_TO_32_BIT_CONVERSION = YES;
				GCC_WARN_ABOUT_RETURN_TYPE = YES_ERROR;
				GCC_WARN_UNDECLARED_SELECTOR = YES;
				GCC_WARN_UNINITIALIZED_AUTOS = YES_AGGRESSIVE;
				GCC_WARN_UNUSED_FUNCTION = YES;
				GCC_WARN_UNUSED_VARIABLE = YES;
				IPHONEOS_DEPLOYMENT_TARGET = 9.1;
				MTL_ENABLE_DEBUG_INFO = YES;
				ONLY_ACTIVE_ARCH = YES;
				SDKROOT = iphoneos;
				SWIFT_OPTIMIZATION_LEVEL = "-Onone";
			};
			name = Debug;
		};
		96E1B2F61C240781002F338B /* Release */ = {
			isa = XCBuildConfiguration;
			buildSettings = {
				ALWAYS_SEARCH_USER_PATHS = NO;
				CLANG_CXX_LANGUAGE_STANDARD = "gnu++0x";
				CLANG_CXX_LIBRARY = "libc++";
				CLANG_ENABLE_MODULES = YES;
				CLANG_ENABLE_OBJC_ARC = YES;
				CLANG_WARN_BOOL_CONVERSION = YES;
				CLANG_WARN_CONSTANT_CONVERSION = YES;
				CLANG_WARN_DIRECT_OBJC_ISA_USAGE = YES_ERROR;
				CLANG_WARN_EMPTY_BODY = YES;
				CLANG_WARN_ENUM_CONVERSION = YES;
				CLANG_WARN_INT_CONVERSION = YES;
				CLANG_WARN_OBJC_ROOT_CLASS = YES_ERROR;
				CLANG_WARN_UNREACHABLE_CODE = YES;
				CLANG_WARN__DUPLICATE_METHOD_MATCH = YES;
				"CODE_SIGN_IDENTITY[sdk=iphoneos*]" = "iPhone Developer";
				COPY_PHASE_STRIP = NO;
				DEBUG_INFORMATION_FORMAT = "dwarf-with-dsym";
				ENABLE_NS_ASSERTIONS = NO;
				ENABLE_STRICT_OBJC_MSGSEND = YES;
				GCC_C_LANGUAGE_STANDARD = gnu99;
				GCC_NO_COMMON_BLOCKS = YES;
				GCC_WARN_64_TO_32_BIT_CONVERSION = YES;
				GCC_WARN_ABOUT_RETURN_TYPE = YES_ERROR;
				GCC_WARN_UNDECLARED_SELECTOR = YES;
				GCC_WARN_UNINITIALIZED_AUTOS = YES_AGGRESSIVE;
				GCC_WARN_UNUSED_FUNCTION = YES;
				GCC_WARN_UNUSED_VARIABLE = YES;
				IPHONEOS_DEPLOYMENT_TARGET = 9.1;
				MTL_ENABLE_DEBUG_INFO = NO;
				SDKROOT = iphoneos;
				VALIDATE_PRODUCT = YES;
			};
			name = Release;
		};
		96E1B2F81C240781002F338B /* Debug */ = {
			isa = XCBuildConfiguration;
			buildSettings = {
				ASSETCATALOG_COMPILER_APPICON_NAME = AppIcon;
				INFOPLIST_FILE = Swiftiris/Info.plist;
				LD_RUNPATH_SEARCH_PATHS = "$(inherited) @executable_path/Frameworks";
				PRODUCT_BUNDLE_IDENTIFIER = com.hou.Swiftiris;
				PRODUCT_NAME = "$(TARGET_NAME)";
			};
			name = Debug;
		};
		96E1B2F91C240781002F338B /* Release */ = {
			isa = XCBuildConfiguration;
			buildSettings = {
				ASSETCATALOG_COMPILER_APPICON_NAME = AppIcon;
				INFOPLIST_FILE = Swiftiris/Info.plist;
				LD_RUNPATH_SEARCH_PATHS = "$(inherited) @executable_path/Frameworks";
				PRODUCT_BUNDLE_IDENTIFIER = com.hou.Swiftiris;
				PRODUCT_NAME = "$(TARGET_NAME)";
			};
			name = Release;
		};
/* End XCBuildConfiguration section */

/* Begin XCConfigurationList section */
		96E1B2E01C240781002F338B /* Build configuration list for PBXProject "Swiftiris" */ = {
			isa = XCConfigurationList;
			buildConfigurations = (
				96E1B2F51C240781002F338B /* Debug */,
				96E1B2F61C240781002F338B /* Release */,
			);
			defaultConfigurationIsVisible = 0;
			defaultConfigurationName = Release;
		};
		96E1B2F71C240781002F338B /* Build configuration list for PBXNativeTarget "Swiftiris" */ = {
			isa = XCConfigurationList;
			buildConfigurations = (
				96E1B2F81C240781002F338B /* Debug */,
				96E1B2F91C240781002F338B /* Release */,
			);
			defaultConfigurationIsVisible = 0;
		};
/* End XCConfigurationList section */
	};
	rootObject = 96E1B2DD1C240781002F338B /* Project object */;
}
